
Microsoft Visual Studio Solution File, Format Version 12.00
# Visual Studio 14
VisualStudioVersion = 14.0.25420.1
MinimumVisualStudioVersion = 10.0.40219.1
Project("{FAE04EC0-301F-11D3-BF4B-00C04F79EFBC}") = "ByTheCake", "ByTheCake\ByTheCake.csproj", "{FC25CB4A-6D1F-4AE5-8B8A-0B5EC13A6360}"
EndProject
Project("{FAE04EC0-301F-11D3-BF4B-00C04F79EFBC}") = "AddCake", "AddCake\AddCake.csproj", "{176BCF1B-5ECA-4D74-8EE6-794FAFADA042}"
EndProject
Project("{FAE04EC0-301F-11D3-BF4B-00C04F79EFBC}") = "BrowseCakes", "BrowseCakes\BrowseCakes.csproj", "{6857A2A8-392C-4DB4-8224-6EC3D4D68EB7}"
EndProject
Project("{FAE04EC0-301F-11D3-BF4B-00C04F79EFBC}") = "Calculator", "Calculator\Calculator.csproj", "{DFD3AEC6-99E6-44C3-83DF-6824F22CCF8F}"
EndProject
Project("{FAE04EC0-301F-11D3-BF4B-00C04F79EFBC}") = "Login", "Login\Login.csproj", "{B1507E63-94D0-4109-A725-DB3FA518AC83}"
EndProject
Global
	GlobalSection(SolutionConfigurationPlatforms) = preSolution
		Debug|Any CPU = Debug|Any CPU
		Release|Any CPU = Release|Any CPU
	EndGlobalSection
	GlobalSection(ProjectConfigurationPlatforms) = postSolution
		{FC25CB4A-6D1F-4AE5-8B8A-0B5EC13A6360}.Debug|Any CPU.ActiveCfg = Debug|Any CPU
		{FC25CB4A-6D1F-4AE5-8B8A-0B5EC13A6360}.Debug|Any CPU.Build.0 = Debug|Any CPU
		{FC25CB4A-6D1F-4AE5-8B8A-0B5EC13A6360}.Release|Any CPU.ActiveCfg = Release|Any CPU
		{FC25CB4A-6D1F-4AE5-8B8A-0B5EC13A6360}.Release|Any CPU.Build.0 = Release|Any CPU
		{176BCF1B-5ECA-4D74-8EE6-794FAFADA042}.Debug|Any CPU.ActiveCfg = Debug|Any CPU
		{176BCF1B-5ECA-4D74-8EE6-794FAFADA042}.Debug|Any CPU.Build.0 = Debug|Any CPU
		{176BCF1B-5ECA-4D74-8EE6-794FAFADA042}.Release|Any CPU.ActiveCfg = Release|Any CPU
		{176BCF1B-5ECA-4D74-8EE6-794FAFADA042}.Release|Any CPU.Build.0 = Release|Any CPU
		{6857A2A8-392C-4DB4-8224-6EC3D4D68EB7}.Debug|Any CPU.ActiveCfg = Debug|Any CPU
		{6857A2A8-392C-4DB4-8224-6EC3D4D68EB7}.Debug|Any CPU.Build.0 = Debug|Any CPU
		{6857A2A8-392C-4DB4-8224-6EC3D4D68EB7}.Release|Any CPU.ActiveCfg = Release|Any CPU
		{6857A2A8-392C-4DB4-8224-6EC3D4D68EB7}.Release|Any CPU.Build.0 = Release|Any CPU
		{DFD3AEC6-99E6-44C3-83DF-6824F22CCF8F}.Debug|Any CPU.ActiveCfg = Debug|Any CPU
		{DFD3AEC6-99E6-44C3-83DF-6824F22CCF8F}.Debug|Any CPU.Build.0 = Debug|Any CPU
		{DFD3AEC6-99E6-44C3-83DF-6824F22CCF8F}.Release|Any CPU.ActiveCfg = Release|Any CPU
		{DFD3AEC6-99E6-44C3-83DF-6824F22CCF8F}.Release|Any CPU.Build.0 = Release|Any CPU
		{B1507E63-94D0-4109-A725-DB3FA518AC83}.Debug|Any CPU.ActiveCfg = Debug|Any CPU
		{B1507E63-94D0-4109-A725-DB3FA518AC83}.Debug|Any CPU.Build.0 = Debug|Any CPU
		{B1507E63-94D0-4109-A725-DB3FA518AC83}.Release|Any CPU.ActiveCfg = Release|Any CPU
		{B1507E63-94D0-4109-A725-DB3FA518AC83}.Release|Any CPU.Build.0 = Release|Any CPU
	EndGlobalSection
	GlobalSection(SolutionProperties) = preSolution
		HideSolutionNode = FALSE
	EndGlobalSection
EndGlobal
